
Microsoft Visual Studio Solution File, Format Version 12.00
# Visual Studio 2012
Project("{FAE04EC0-301F-11D3-BF4B-00C04F79EFBC}") = "sudokit", "sudokit\sudokit.csproj", "{5D98D0E1-45DF-413F-B5A0-2CE214E83ECA}"
EndProject
Project("{FAE04EC0-301F-11D3-BF4B-00C04F79EFBC}") = "Test", "Test\Test.csproj", "{203BA68C-F184-41A6-A55D-984771886712}"
EndProject
Global
	GlobalSection(SolutionConfigurationPlatforms) = preSolution
		Debug|Any CPU = Debug|Any CPU
		Release|Any CPU = Release|Any CPU
	EndGlobalSection
	GlobalSection(ProjectConfigurationPlatforms) = postSolution
		{5D98D0E1-45DF-413F-B5A0-2CE214E83ECA}.Debug|Any CPU.ActiveCfg = Debug|Any CPU
		{5D98D0E1-45DF-413F-B5A0-2CE214E83ECA}.Debug|Any CPU.Build.0 = Debug|Any CPU
		{5D98D0E1-45DF-413F-B5A0-2CE214E83ECA}.Release|Any CPU.ActiveCfg = Release|Any CPU
		{5D98D0E1-45DF-413F-B5A0-2CE214E83ECA}.Release|Any CPU.Build.0 = Release|Any CPU
		{203BA68C-F184-41A6-A55D-984771886712}.Debug|Any CPU.ActiveCfg = Debug|Any CPU
		{203BA68C-F184-41A6-A55D-984771886712}.Debug|Any CPU.Build.0 = Debug|Any CPU
		{203BA68C-F184-41A6-A55D-984771886712}.Release|Any CPU.ActiveCfg = Release|Any CPU
		{203BA68C-F184-41A6-A55D-984771886712}.Release|Any CPU.Build.0 = Release|Any CPU
	EndGlobalSection
	GlobalSection(SolutionProperties) = preSolution
		HideSolutionNode = FALSE
	EndGlobalSection
EndGlobal
